{
  "name": "xmldiff",
  "version": "1.0.0",
  "lockfileVersion": 2,
  "requires": true,
  "packages": {
    "": {
      "name": "xmldiff",
      "version": "1.0.0",
      "license": "ISC",
      "dependencies": {
        "diff-js-xml": "^1.0.6"
      }
    },
    "node_modules/diff-js-xml": {
      "version": "1.0.6",
      "resolved": "https://registry.npmjs.org/diff-js-xml/-/diff-js-xml-1.0.6.tgz",
      "integrity": "sha512-U/zvzLdnQRCVoIy0304rmEP0vft4nrA9ELGTaRuuT9Arn09y0pQhJo8/qfZ/pHEzfeWugVn41Z/B/c9/BHfqOQ==",
      "dependencies": {
        "underscore": "^1.10.2",
        "xml-js": "^1.6.11"
      }
    },
    "node_modules/sax": {
      "version": "1.2.4",
      "resolved": "https://registry.npmjs.org/sax/-/sax-1.2.4.tgz",
      "integrity": "sha512-NqVDv9TpANUjFm0N8uM5GxL36UgKi9/atZw+x7YFnQ8ckwFGKrl4xX4yWtrey3UJm5nP1kUbnYgLopqWNSRhWw=="
    },
    "node_modules/underscore": {
      "version": "1.13.6",
      "resolved": "https://registry.npmjs.org/underscore/-/underscore-1.13.6.tgz",
      "integrity": "sha512-+A5Sja4HP1M08MaXya7p5LvjuM7K6q/2EaC0+iovj/wOcMsTzMvDFbasi/oSapiwOlt252IqsKqPjCl7huKS0A=="
    },
    "node_modules/xml-js": {
      "version": "1.6.11",
      "resolved": "https://registry.npmjs.org/xml-js/-/xml-js-1.6.11.tgz",
      "integrity": "sha512-7rVi2KMfwfWFl+GpPg6m80IVMWXLRjO+PxTq7V2CDhoGak0wzYzFgUY2m4XJ47OGdXd8eLE8EmwfAmdjw7lC1g==",
      "dependencies": {
        "sax": "^1.2.4"
      },
      "bin": {
        "xml-js": "bin/cli.js"
      }
    }
  },
  "dependencies": {
    "diff-js-xml": {
      "version": "1.0.6",
      "resolved": "https://registry.npmjs.org/diff-js-xml/-/diff-js-xml-1.0.6.tgz",
      "integrity": "sha512-U/zvzLdnQRCVoIy0304rmEP0vft4nrA9ELGTaRuuT9Arn09y0pQhJo8/qfZ/pHEzfeWugVn41Z/B/c9/BHfqOQ==",
      "requires": {
        "underscore": "^1.10.2",
        "xml-js": "^1.6.11"
      }
    },
    "sax": {
      "version": "1.2.4",
      "resolved": "https://registry.npmjs.org/sax/-/sax-1.2.4.tgz",
      "integrity": "sha512-NqVDv9TpANUjFm0N8uM5GxL36UgKi9/atZw+x7YFnQ8ckwFGKrl4xX4yWtrey3UJm5nP1kUbnYgLopqWNSRhWw=="
    },
    "underscore": {
      "version": "1.13.6",
      "resolved": "https://registry.npmjs.org/underscore/-/underscore-1.13.6.tgz",
      "integrity": "sha512-+A5Sja4HP1M08MaXya7p5LvjuM7K6q/2EaC0+iovj/wOcMsTzMvDFbasi/oSapiwOlt252IqsKqPjCl7huKS0A=="
    },
    "xml-js": {
      "version": "1.6.11",
      "resolved": "https://registry.npmjs.org/xml-js/-/xml-js-1.6.11.tgz",
      "integrity": "sha512-7rVi2KMfwfWFl+GpPg6m80IVMWXLRjO+PxTq7V2CDhoGak0wzYzFgUY2m4XJ47OGdXd8eLE8EmwfAmdjw7lC1g==",
      "requires": {
        "sax": "^1.2.4"
      }
    }
  }
}
